schema: '2.0'
stages:
  get-ztf-data:
    cmd: bash --noprofile --norc scripts/download-ztf-data.sh
    deps:
    - path: scripts/download-ztf-data.sh
      hash: md5
      md5: f16292f742e6aae215eb634e2e3da0ec
      size: 484
      isexec: true
    outs:
    - path: data/ztf_public_20250614
      hash: md5
      md5: 57a45a392cfcc5c148261ec8238cb639.dir
      size: 15932892200
      nfiles: 210240
    - path: data/ztf_public_20250614.tar.gz
      hash: md5
      md5: 7f63a5975f2643a7780a5fedfe3ce95a
      size: 10260752459
  extract-ned-data:
    cmd: bash --noprofile --norc -c "gunzip -k data/kowalski.NED.json.gz"
    deps:
    - path: data/kowalski.NED.json.gz
      hash: md5
      md5: decd3ed39729067d0990aa299c4f513d
      size: 966995306
    outs:
    - path: data/kowalski.NED.json
      hash: md5
      md5: 39875806dc1306ca9778ee24cb2ec07e
      size: 4060622282
  _check-env-py:
    cmd: calkit check environment --name py
    deps:
    - path: envs/py.txt
      hash: md5
      md5: 400cdbce5842f6b933ec5c95b7bb7454
      size: 94
    outs:
    - path: .calkit/env-locks/py.txt
      hash: md5
      md5: 1cd61ad1683885c80908af508f2d10bd
      size: 3710
  create-stage:
    cmd: dvc stage add -n new-stage -f --run --dep README.md echo sup
    deps:
    - path: README.md
      hash: md5
      md5: 69f9822ee55dddfce579e3f09a6dad17
      size: 21
  new-stage:
    cmd: echo sup
    deps:
    - path: README.md
      hash: md5
      md5: 69f9822ee55dddfce579e3f09a6dad17
      size: 21
  _clean-nb-inspect-alert:
    cmd: calkit nb clean "notebooks/inspect-alert.ipynb"
    deps:
    - path: notebooks/inspect-alert.ipynb
      hash: md5
      md5: 9063a45f1e9517655803d2e4401dc2df
      size: 667199
    outs:
    - path: .calkit/notebooks/cleaned/notebooks/inspect-alert.ipynb
      hash: md5
      md5: e3c5db800a8fa84938cd19231f613bcb
      size: 2107
  inspect-alert:
    cmd: calkit nb execute --environment py --no-check --to html "notebooks/inspect-alert.ipynb"
    deps:
    - path: .calkit/env-locks/py.txt
      hash: md5
      md5: 0c4869283ce5e35c2b7639d033329e4f
      size: 3692
    - path: .calkit/notebooks/cleaned/notebooks/inspect-alert.ipynb
      hash: md5
      md5: e3c5db800a8fa84938cd19231f613bcb
      size: 2107
    - path: data/kowalski.NED.json
      hash: md5
      md5: 39875806dc1306ca9778ee24cb2ec07e
      size: 4060622282
    - path: data/ztf_public_20250614
      hash: md5
      md5: 57a45a392cfcc5c148261ec8238cb639.dir
      size: 15932892200
      nfiles: 210240
    outs:
    - path: .calkit/notebooks/executed/notebooks/inspect-alert.ipynb
      hash: md5
      md5: 72f149bef27b70e3e9aee37fffba113d
      size: 668394
  avro-to-docs:
    cmd: calkit xenv -n py -- python ".calkit/notebook-stages/avro-to-docs/script.py"
    deps:
    - path: .calkit/notebook-stages/avro-to-docs/script.py
      hash: md5
      md5: 6c4899e6e1a2c58b421a4fd5a50b130a
      size: 1301
    - path: data/ztf_public_20250614
      hash: md5
      md5: 57a45a392cfcc5c148261ec8238cb639.dir
      size: 15932892200
      nfiles: 210240
    outs:
    - path: .calkit/notebook-stages/avro-to-docs/outs/documents.pickle
      hash: md5
      md5: 1185c6aeb3871469ac454e5591ebe76d
      size: 417351254
  _clean-nb-benchmark-mongo:
    cmd: calkit nb clean "notebooks/benchmark-mongo.ipynb"
    deps:
    - path: notebooks/benchmark-mongo.ipynb
      hash: md5
      md5: 5cfb35635a3dee07b413362311fbd896
      size: 7639
    outs:
    - path: .calkit/notebooks/cleaned/notebooks/benchmark-mongo.ipynb
      hash: md5
      md5: 76cc0ebdb5153e58f02b73a349eb5be7
      size: 6823
  benchmark-mongo:
    cmd: calkit nb execute --environment py --no-check --to html "notebooks/benchmark-mongo.ipynb"
    deps:
    - path: .calkit/env-locks/py.txt
      hash: md5
      md5: 1cd61ad1683885c80908af508f2d10bd
      size: 3710
    - path: .calkit/notebooks/cleaned/notebooks/benchmark-mongo.ipynb
      hash: md5
      md5: 76cc0ebdb5153e58f02b73a349eb5be7
      size: 6823
    - path: docker-compose.yaml
      hash: md5
      md5: da705e5e38df81d6a1e696f861a30cf2
      size: 575
    outs:
    - path: .calkit/notebooks/executed/notebooks/benchmark-mongo.ipynb
      hash: md5
      md5: 9eb074f21474b6d84d2addaf4d088e2d
      size: 48281
    - path: results/mongo.json
      hash: md5
      md5: ac615454fe129938e06df08748e2c279
      size: 53
